<?xml version="1.0" encoding="UTF-8"?>
<Scheme
   LastUpgradeVersion = "1340"
   version = "1.3">
   <BuildAction
      parallelizeBuildables = "YES"
      buildImplicitDependencies = "YES">
      <BuildActionEntries>
         <BuildActionEntry
            buildForTesting = "YES"
            buildForRunning = "YES"
            buildForProfiling = "YES"
            buildForArchiving = "YES"
            buildForAnalyzing = "YES">
            <BuildableReference
               BuildableIdentifier = "primary"
               BlueprintIdentifier = "8EE229BD2A3222A3006F5F7B"
               BuildableName = "ArticlesTest.app"
               BlueprintName = "ArticlesTest"
               ReferencedContainer = "container:ArticlesTest.xcodeproj">
            </BuildableReference>
         </BuildActionEntry>
      </BuildActionEntries>
   </BuildAction>
   <TestAction
      buildConfiguration = "Debug"
      selectedDebuggerIdentifier = "Xcode.DebuggerFoundation.Debugger.LLDB"
      selectedLauncherIdentifier = "Xcode.DebuggerFoundation.Launcher.LLDB"
      shouldUseLaunchSchemeArgsEnv = "YES">
      <Testables>
         <TestableReference
            skipped = "NO">
            <BuildableReference
               BuildableIdentifier = "primary"
               BlueprintIdentifier = "8EE229CD2A3222A9006F5F7B"
               BuildableName = "ArticlesTestTests.xctest"
               BlueprintName = "ArticlesTestTests"
               ReferencedContainer = "container:ArticlesTest.xcodeproj">
            </BuildableReference>
         </TestableReference>
         <TestableReference
            skipped = "NO">
            <BuildableReference
               BuildableIdentifier = "primary"
               BlueprintIdentifier = "8EE229D72A3222A9006F5F7B"
               BuildableName = "ArticlesTestUITests.xctest"
               BlueprintName = "ArticlesTestUITests"
               ReferencedContainer = "container:ArticlesTest.xcodeproj">
            </BuildableReference>
         </TestableReference>
      </Testables>
   </TestAction>
   <LaunchAction
      buildConfiguration = "Debug"
      selectedDebuggerIdentifier = "Xcode.DebuggerFoundation.Debugger.LLDB"
      selectedLauncherIdentifier = "Xcode.DebuggerFoundation.Launcher.LLDB"
      launchStyle = "0"
      useCustomWorkingDirectory = "NO"
      ignoresPersistentStateOnLaunch = "NO"
      debugDocumentVersioning = "YES"
      debugServiceExtension = "internal"
      allowLocationSimulation = "YES">
      <BuildableProductRunnable
         runnableDebuggingMode = "0">
         <BuildableReference
            BuildableIdentifier = "primary"
            BlueprintIdentifier = "8EE229BD2A3222A3006F5F7B"
            BuildableName = "ArticlesTest.app"
            BlueprintName = "ArticlesTest"
            ReferencedContainer = "container:ArticlesTest.xcodeproj">
         </BuildableReference>
      </BuildableProductRunnable>
      <EnvironmentVariables>
         <EnvironmentVariable
            key = "API_KEY"
            value = "c09f8c39de7949da81d8604ff46ffcc8"
            isEnabled = "YES">
         </EnvironmentVariable>
      </EnvironmentVariables>
   </LaunchAction>
   <ProfileAction
      buildConfiguration = "Release"
      shouldUseLaunchSchemeArgsEnv = "YES"
      savedToolIdentifier = ""
      useCustomWorkingDirectory = "NO"
      debugDocumentVersioning = "YES">
      <BuildableProductRunnable
         runnableDebuggingMode = "0">
         <BuildableReference
            BuildableIdentifier = "primary"
            BlueprintIdentifier = "8EE229BD2A3222A3006F5F7B"
            BuildableName = "ArticlesTest.app"
            BlueprintName = "ArticlesTest"
            ReferencedContainer = "container:ArticlesTest.xcodeproj">
         </BuildableReference>
      </BuildableProductRunnable>
   </ProfileAction>
   <AnalyzeAction
      buildConfiguration = "Debug">
   </AnalyzeAction>
   <ArchiveAction
      buildConfiguration = "Release"
      revealArchiveInOrganizer = "YES">
   </ArchiveAction>
</Scheme>
